
Microsoft Visual Studio Solution File, Format Version 12.00
# Visual Studio Version 17
VisualStudioVersion = 17.10.34916.146
MinimumVisualStudioVersion = 10.0.40219.1
Project("{8BC9CEB8-8B4A-11D0-8D11-00A0C91BC942}") = "FlowField", "FlowField\FlowField.vcxproj", "{791B9AB2-276F-4111-ADC0-EF9DEB2A3CF8}"
EndProject
Global
	GlobalSection(SolutionConfigurationPlatforms) = preSolution
		Debug|x64 = Debug|x64
		Debug|x86 = Debug|x86
		Release|x64 = Release|x64
		Release|x86 = Release|x86
	EndGlobalSection
	GlobalSection(ProjectConfigurationPlatforms) = postSolution
		{791B9AB2-276F-4111-ADC0-EF9DEB2A3CF8}.Debug|x64.ActiveCfg = Debug|x64
		{791B9AB2-276F-4111-ADC0-EF9DEB2A3CF8}.Debug|x64.Build.0 = Debug|x64
		{791B9AB2-276F-4111-ADC0-EF9DEB2A3CF8}.Debug|x86.ActiveCfg = Debug|Win32
		{791B9AB2-276F-4111-ADC0-EF9DEB2A3CF8}.Debug|x86.Build.0 = Debug|Win32
		{791B9AB2-276F-4111-ADC0-EF9DEB2A3CF8}.Release|x64.ActiveCfg = Release|x64
		{791B9AB2-276F-4111-ADC0-EF9DEB2A3CF8}.Release|x64.Build.0 = Release|x64
		{791B9AB2-276F-4111-ADC0-EF9DEB2A3CF8}.Release|x86.ActiveCfg = Release|Win32
		{791B9AB2-276F-4111-ADC0-EF9DEB2A3CF8}.Release|x86.Build.0 = Release|Win32
	EndGlobalSection
	GlobalSection(SolutionProperties) = preSolution
		HideSolutionNode = FALSE
	EndGlobalSection
	GlobalSection(ExtensibilityGlobals) = postSolution
		SolutionGuid = {4145F554-B075-4F9A-9018-D9009D3B9DF4}
	EndGlobalSection
EndGlobal
